
Microsoft Visual Studio Solution File, Format Version 12.00
# Visual Studio 14
VisualStudioVersion = 14.0.24720.0
MinimumVisualStudioVersion = 10.0.40219.1
Project("{00D1A9C2-B5F0-4AF3-8072-F6C62B433612}") = "Jasmine.POS.DB", "Jasmine.POS.SQL\Jasmine.POS.DB.sqlproj", "{C013BEB1-F376-477C-A234-E561B26DB78E}"
EndProject
Project("{FAE04EC0-301F-11D3-BF4B-00C04F79EFBC}") = "Jasmine.POS.Data", "Jasmine.POS.Data\Jasmine.POS.Data.csproj", "{4F4E726F-E633-45B8-A5F3-60CA98CE0A22}"
EndProject
Project("{FAE04EC0-301F-11D3-BF4B-00C04F79EFBC}") = "Jasmine.POS.Common", "Jasmine.POS.Common\Jasmine.POS.Common.csproj", "{5C33CFB6-A85A-45B6-8E55-BE813C306F4D}"
EndProject
Project("{FAE04EC0-301F-11D3-BF4B-00C04F79EFBC}") = "Jasmine.POS.Test", "Jasmine.POS.Test\Jasmine.POS.Test.csproj", "{AB13DDAC-1089-42D8-B8AD-E296744E7E3D}"
EndProject
Project("{FAE04EC0-301F-11D3-BF4B-00C04F79EFBC}") = "Jasmine.POS.WEBAPI", "Jasmine.POS.WEBAPI\Jasmine.POS.WEBAPI.csproj", "{D10150AA-71C3-4A96-962B-6E45084995A2}"
EndProject
Project("{FAE04EC0-301F-11D3-BF4B-00C04F79EFBC}") = "Jasmine.POS.Services", "Jasmine.POS.Services\Jasmine.POS.Services.csproj", "{17C7625B-21AB-42D7-AD4C-D44DC31CA30F}"
EndProject
Global
	GlobalSection(SolutionConfigurationPlatforms) = preSolution
		Debug|Any CPU = Debug|Any CPU
		Release|Any CPU = Release|Any CPU
	EndGlobalSection
	GlobalSection(ProjectConfigurationPlatforms) = postSolution
		{C013BEB1-F376-477C-A234-E561B26DB78E}.Debug|Any CPU.ActiveCfg = Debug|Any CPU
		{C013BEB1-F376-477C-A234-E561B26DB78E}.Debug|Any CPU.Build.0 = Debug|Any CPU
		{C013BEB1-F376-477C-A234-E561B26DB78E}.Debug|Any CPU.Deploy.0 = Debug|Any CPU
		{C013BEB1-F376-477C-A234-E561B26DB78E}.Release|Any CPU.ActiveCfg = Release|Any CPU
		{C013BEB1-F376-477C-A234-E561B26DB78E}.Release|Any CPU.Build.0 = Release|Any CPU
		{C013BEB1-F376-477C-A234-E561B26DB78E}.Release|Any CPU.Deploy.0 = Release|Any CPU
		{4F4E726F-E633-45B8-A5F3-60CA98CE0A22}.Debug|Any CPU.ActiveCfg = Debug|Any CPU
		{4F4E726F-E633-45B8-A5F3-60CA98CE0A22}.Debug|Any CPU.Build.0 = Debug|Any CPU
		{4F4E726F-E633-45B8-A5F3-60CA98CE0A22}.Release|Any CPU.ActiveCfg = Release|Any CPU
		{4F4E726F-E633-45B8-A5F3-60CA98CE0A22}.Release|Any CPU.Build.0 = Release|Any CPU
		{5C33CFB6-A85A-45B6-8E55-BE813C306F4D}.Debug|Any CPU.ActiveCfg = Debug|Any CPU
		{5C33CFB6-A85A-45B6-8E55-BE813C306F4D}.Debug|Any CPU.Build.0 = Debug|Any CPU
		{5C33CFB6-A85A-45B6-8E55-BE813C306F4D}.Release|Any CPU.ActiveCfg = Release|Any CPU
		{5C33CFB6-A85A-45B6-8E55-BE813C306F4D}.Release|Any CPU.Build.0 = Release|Any CPU
		{AB13DDAC-1089-42D8-B8AD-E296744E7E3D}.Debug|Any CPU.ActiveCfg = Debug|Any CPU
		{AB13DDAC-1089-42D8-B8AD-E296744E7E3D}.Debug|Any CPU.Build.0 = Debug|Any CPU
		{AB13DDAC-1089-42D8-B8AD-E296744E7E3D}.Release|Any CPU.ActiveCfg = Release|Any CPU
		{AB13DDAC-1089-42D8-B8AD-E296744E7E3D}.Release|Any CPU.Build.0 = Release|Any CPU
		{D10150AA-71C3-4A96-962B-6E45084995A2}.Debug|Any CPU.ActiveCfg = Debug|Any CPU
		{D10150AA-71C3-4A96-962B-6E45084995A2}.Debug|Any CPU.Build.0 = Debug|Any CPU
		{D10150AA-71C3-4A96-962B-6E45084995A2}.Release|Any CPU.ActiveCfg = Release|Any CPU
		{D10150AA-71C3-4A96-962B-6E45084995A2}.Release|Any CPU.Build.0 = Release|Any CPU
		{17C7625B-21AB-42D7-AD4C-D44DC31CA30F}.Debug|Any CPU.ActiveCfg = Debug|Any CPU
		{17C7625B-21AB-42D7-AD4C-D44DC31CA30F}.Debug|Any CPU.Build.0 = Debug|Any CPU
		{17C7625B-21AB-42D7-AD4C-D44DC31CA30F}.Release|Any CPU.ActiveCfg = Release|Any CPU
		{17C7625B-21AB-42D7-AD4C-D44DC31CA30F}.Release|Any CPU.Build.0 = Release|Any CPU
	EndGlobalSection
	GlobalSection(SolutionProperties) = preSolution
		HideSolutionNode = FALSE
	EndGlobalSection
EndGlobal
