
Microsoft Visual Studio Solution File, Format Version 12.00
# Visual Studio 14
VisualStudioVersion = 14.0.24720.0
MinimumVisualStudioVersion = 10.0.40219.1
Project("{00D1A9C2-B5F0-4AF3-8072-F6C62B433612}") = "Jasmine.POS.DB", "Jasmine.POS.SQL\Jasmine.POS.DB.sqlproj", "{C013BEB1-F376-477C-A234-E561B26DB78E}"
EndProject
Project("{FAE04EC0-301F-11D3-BF4B-00C04F79EFBC}") = "Jasmine.POS.Data", "Jasmine.POS.Data\Jasmine.POS.Data.csproj", "{4F4E726F-E633-45B8-A5F3-60CA98CE0A22}"
EndProject
Project("{FAE04EC0-301F-11D3-BF4B-00C04F79EFBC}") = "Jasmine.POS.Common", "Jasmine.POS.Common\Jasmine.POS.Common.csproj", "{5C33CFB6-A85A-45B6-8E55-BE813C306F4D}"
EndProject
Global
	GlobalSection(SolutionConfigurationPlatforms) = preSolution
		Debug|Any CPU = Debug|Any CPU
		Release|Any CPU = Release|Any CPU
	EndGlobalSection
	GlobalSection(ProjectConfigurationPlatforms) = postSolution
		{C013BEB1-F376-477C-A234-E561B26DB78E}.Debug|Any CPU.ActiveCfg = Debug|Any CPU
		{C013BEB1-F376-477C-A234-E561B26DB78E}.Debug|Any CPU.Build.0 = Debug|Any CPU
		{C013BEB1-F376-477C-A234-E561B26DB78E}.Debug|Any CPU.Deploy.0 = Debug|Any CPU
		{C013BEB1-F376-477C-A234-E561B26DB78E}.Release|Any CPU.ActiveCfg = Release|Any CPU
		{C013BEB1-F376-477C-A234-E561B26DB78E}.Release|Any CPU.Build.0 = Release|Any CPU
		{C013BEB1-F376-477C-A234-E561B26DB78E}.Release|Any CPU.Deploy.0 = Release|Any CPU
		{4F4E726F-E633-45B8-A5F3-60CA98CE0A22}.Debug|Any CPU.ActiveCfg = Debug|Any CPU
		{4F4E726F-E633-45B8-A5F3-60CA98CE0A22}.Debug|Any CPU.Build.0 = Debug|Any CPU
		{4F4E726F-E633-45B8-A5F3-60CA98CE0A22}.Release|Any CPU.ActiveCfg = Release|Any CPU
		{4F4E726F-E633-45B8-A5F3-60CA98CE0A22}.Release|Any CPU.Build.0 = Release|Any CPU
		{5C33CFB6-A85A-45B6-8E55-BE813C306F4D}.Debug|Any CPU.ActiveCfg = Debug|Any CPU
		{5C33CFB6-A85A-45B6-8E55-BE813C306F4D}.Debug|Any CPU.Build.0 = Debug|Any CPU
		{5C33CFB6-A85A-45B6-8E55-BE813C306F4D}.Release|Any CPU.ActiveCfg = Release|Any CPU
		{5C33CFB6-A85A-45B6-8E55-BE813C306F4D}.Release|Any CPU.Build.0 = Release|Any CPU
	EndGlobalSection
	GlobalSection(SolutionProperties) = preSolution
		HideSolutionNode = FALSE
	EndGlobalSection
EndGlobal
